PODS:
  - MaterialComponents/AnimationTiming (108.1.0)
  - MaterialComponents/Availability (108.1.0)
  - MaterialComponents/private/Application (108.1.0)
  - MaterialComponents/private/Color (108.1.0):
    - MaterialComponents/Availability
  - MaterialComponents/private/Math (108.1.0)
  - "MaterialComponents/private/TextControlsPrivate+BaseStyle (108.1.0)":
    - MaterialComponents/AnimationTiming
    - MaterialComponents/private/Math
    - "MaterialComponents/private/TextControlsPrivate+Shared"
  - "MaterialComponents/private/TextControlsPrivate+FilledStyle (108.1.0)":
    - MaterialComponents/AnimationTiming
    - MaterialComponents/Availability
    - MaterialComponents/private/Math
    - "MaterialComponents/private/TextControlsPrivate+Shared"
  - "MaterialComponents/private/TextControlsPrivate+OutlinedStyle (108.1.0)":
    - MaterialComponents/AnimationTiming
    - MaterialComponents/Availability
    - MaterialComponents/private/Math
    - "MaterialComponents/private/TextControlsPrivate+Shared"
  - "MaterialComponents/private/TextControlsPrivate+Shared (108.1.0)":
    - MaterialComponents/AnimationTiming
    - MaterialComponents/private/Math
    - "MaterialComponents/TextControls+Enums"
  - MaterialComponents/schemes/Color (108.1.0):
    - MaterialComponents/Availability
    - MaterialComponents/private/Color
  - MaterialComponents/schemes/Container (108.1.0):
    - MaterialComponents/schemes/Color
    - MaterialComponents/schemes/Shape
    - MaterialComponents/schemes/Typography
  - MaterialComponents/schemes/Shape (108.1.0):
    - MaterialComponents/ShapeLibrary
    - MaterialComponents/Shapes
  - MaterialComponents/schemes/Typography (108.1.0):
    - "MaterialComponents/schemes/Typography+BasicFontScheme"
    - "MaterialComponents/schemes/Typography+Scheming"
    - MaterialComponents/Typography
  - "MaterialComponents/schemes/Typography+BasicFontScheme (108.1.0)"
  - "MaterialComponents/schemes/Typography+Scheming (108.1.0)"
  - MaterialComponents/ShadowElevations (108.1.0)
  - MaterialComponents/ShadowLayer (108.1.0):
    - MaterialComponents/ShadowElevations
  - MaterialComponents/ShapeLibrary (108.1.0):
    - MaterialComponents/private/Math
    - MaterialComponents/Shapes
  - MaterialComponents/Shapes (108.1.0):
    - MaterialComponents/private/Color
    - MaterialComponents/private/Math
    - MaterialComponents/ShadowLayer
  - "MaterialComponents/TextControls+BaseTextAreas (108.1.0)":
    - "MaterialComponents/private/TextControlsPrivate+BaseStyle"
    - "MaterialComponents/private/TextControlsPrivate+Shared"
    - MDFInternationalization
  - "MaterialComponents/TextControls+BaseTextFields (108.1.0)":
    - "MaterialComponents/private/TextControlsPrivate+BaseStyle"
    - "MaterialComponents/private/TextControlsPrivate+Shared"
    - MDFInternationalization
  - "MaterialComponents/TextControls+Enums (108.1.0)"
  - "MaterialComponents/TextControls+FilledTextAreas (108.1.0)":
    - MaterialComponents/Availability
    - "MaterialComponents/private/TextControlsPrivate+FilledStyle"
    - "MaterialComponents/TextControls+BaseTextAreas"
  - "MaterialComponents/TextControls+FilledTextAreasTheming (108.1.0)":
    - MaterialComponents/schemes/Container
    - "MaterialComponents/TextControls+FilledTextAreas"
  - "MaterialComponents/TextControls+FilledTextFields (108.1.0)":
    - MaterialComponents/Availability
    - "MaterialComponents/private/TextControlsPrivate+FilledStyle"
    - "MaterialComponents/TextControls+BaseTextFields"
  - "MaterialComponents/TextControls+FilledTextFieldsTheming (108.1.0)":
    - MaterialComponents/schemes/Container
    - "MaterialComponents/TextControls+FilledTextFields"
  - "MaterialComponents/TextControls+OutlinedTextAreas (108.1.0)":
    - MaterialComponents/Availability
    - "MaterialComponents/private/TextControlsPrivate+OutlinedStyle"
    - "MaterialComponents/TextControls+BaseTextAreas"
  - "MaterialComponents/TextControls+OutlinedTextAreasTheming (108.1.0)":
    - MaterialComponents/schemes/Container
    - "MaterialComponents/TextControls+OutlinedTextAreas"
  - "MaterialComponents/TextControls+OutlinedTextFields (108.1.0)":
    - MaterialComponents/Availability
    - "MaterialComponents/private/TextControlsPrivate+OutlinedStyle"
    - "MaterialComponents/TextControls+BaseTextFields"
  - "MaterialComponents/TextControls+OutlinedTextFieldsTheming (108.1.0)":
    - MaterialComponents/schemes/Container
    - "MaterialComponents/TextControls+OutlinedTextFields"
  - MaterialComponents/Typography (108.1.0):
    - MaterialComponents/private/Application
    - MaterialComponents/private/Math
  - MDFInternationalization (2.0.0)

DEPENDENCIES:
  - "MaterialComponents/TextControls+FilledTextAreas"
  - "MaterialComponents/TextControls+FilledTextAreasTheming"
  - "MaterialComponents/TextControls+FilledTextFields"
  - "MaterialComponents/TextControls+FilledTextFieldsTheming"
  - "MaterialComponents/TextControls+OutlinedTextAreas"
  - "MaterialComponents/TextControls+OutlinedTextAreasTheming"
  - "MaterialComponents/TextControls+OutlinedTextFields"
  - "MaterialComponents/TextControls+OutlinedTextFieldsTheming"

SPEC REPOS:
  trunk:
    - MaterialComponents
    - MDFInternationalization

SPEC CHECKSUMS:
  MaterialComponents: d1c85bdf01caed6b6e11e78731e71e2d55d331da
  MDFInternationalization: 010097556d6b09d2c4ea38e0820ea6d37be6a314

PODFILE CHECKSUM: d76a7bf6896edaa88e470c13a9fb9458472a009e

COCOAPODS: 1.9.1
